
Microsoft Visual Studio Solution File, Format Version 12.00
# Visual Studio Version 17
VisualStudioVersion = 17.4.33122.133
MinimumVisualStudioVersion = 10.0.40219.1
Project("{FAE04EC0-301F-11D3-BF4B-00C04F79EFBC}") = "pract 7", "pract 7\pract 7.csproj", "{4891B66B-7AB5-40C4-A34E-2C943345E79C}"
EndProject
Global
	GlobalSection(SolutionConfigurationPlatforms) = preSolution
		Debug|Any CPU = Debug|Any CPU
		Release|Any CPU = Release|Any CPU
	EndGlobalSection
	GlobalSection(ProjectConfigurationPlatforms) = postSolution
		{4891B66B-7AB5-40C4-A34E-2C943345E79C}.Debug|Any CPU.ActiveCfg = Debug|Any CPU
		{4891B66B-7AB5-40C4-A34E-2C943345E79C}.Debug|Any CPU.Build.0 = Debug|Any CPU
		{4891B66B-7AB5-40C4-A34E-2C943345E79C}.Release|Any CPU.ActiveCfg = Release|Any CPU
		{4891B66B-7AB5-40C4-A34E-2C943345E79C}.Release|Any CPU.Build.0 = Release|Any CPU
	EndGlobalSection
	GlobalSection(SolutionProperties) = preSolution
		HideSolutionNode = FALSE
	EndGlobalSection
	GlobalSection(ExtensibilityGlobals) = postSolution
		SolutionGuid = {1D4CBFEC-AD9F-465E-B09B-C932BF160873}
	EndGlobalSection
EndGlobal
